
Microsoft Visual Studio Solution File, Format Version 12.00
# Visual Studio 14
VisualStudioVersion = 14.0.25420.1
MinimumVisualStudioVersion = 10.0.40219.1
Project("{8BC9CEB8-8B4A-11D0-8D11-00A0C91BC942}") = "SDLGX", "sdlgx.vcxproj", "{4A46B2AC-5700-4BE0-9FF1-E54321FACB66}"
EndProject
Project("{8BC9CEB8-8B4A-11D0-8D11-00A0C91BC942}") = "DetectiveTomPixel", "..\..\..\..\samples\DetectiveTomPixel\project\vs2015\DetectiveTomPixel.vcxproj", "{07BB4449-3292-4CE6-B086-2BF806CC8229}"
EndProject
Global
	GlobalSection(SolutionConfigurationPlatforms) = preSolution
		Debug|x64 = Debug|x64
		Debug|x86 = Debug|x86
		Release|x64 = Release|x64
		Release|x86 = Release|x86
	EndGlobalSection
	GlobalSection(ProjectConfigurationPlatforms) = postSolution
		{4A46B2AC-5700-4BE0-9FF1-E54321FACB66}.Debug|x64.ActiveCfg = Debug|x64
		{4A46B2AC-5700-4BE0-9FF1-E54321FACB66}.Debug|x64.Build.0 = Debug|x64
		{4A46B2AC-5700-4BE0-9FF1-E54321FACB66}.Debug|x86.ActiveCfg = Debug|Win32
		{4A46B2AC-5700-4BE0-9FF1-E54321FACB66}.Debug|x86.Build.0 = Debug|Win32
		{4A46B2AC-5700-4BE0-9FF1-E54321FACB66}.Release|x64.ActiveCfg = Release|x64
		{4A46B2AC-5700-4BE0-9FF1-E54321FACB66}.Release|x64.Build.0 = Release|x64
		{4A46B2AC-5700-4BE0-9FF1-E54321FACB66}.Release|x86.ActiveCfg = Release|Win32
		{4A46B2AC-5700-4BE0-9FF1-E54321FACB66}.Release|x86.Build.0 = Release|Win32
		{07BB4449-3292-4CE6-B086-2BF806CC8229}.Debug|x64.ActiveCfg = Debug|x64
		{07BB4449-3292-4CE6-B086-2BF806CC8229}.Debug|x64.Build.0 = Debug|x64
		{07BB4449-3292-4CE6-B086-2BF806CC8229}.Debug|x86.ActiveCfg = Debug|Win32
		{07BB4449-3292-4CE6-B086-2BF806CC8229}.Debug|x86.Build.0 = Debug|Win32
		{07BB4449-3292-4CE6-B086-2BF806CC8229}.Release|x64.ActiveCfg = Release|x64
		{07BB4449-3292-4CE6-B086-2BF806CC8229}.Release|x64.Build.0 = Release|x64
		{07BB4449-3292-4CE6-B086-2BF806CC8229}.Release|x86.ActiveCfg = Release|Win32
		{07BB4449-3292-4CE6-B086-2BF806CC8229}.Release|x86.Build.0 = Release|Win32
	EndGlobalSection
	GlobalSection(SolutionProperties) = preSolution
		HideSolutionNode = FALSE
	EndGlobalSection
EndGlobal
